
Microsoft Visual Studio Solution File, Format Version 12.00
# Visual Studio 15
VisualStudioVersion = 15.0.27703.2042
MinimumVisualStudioVersion = 10.0.40219.1
Project("{9A19103F-16F7-4668-BE54-9A1E7A4F7556}") = "Quizzes", "Quizzes.csproj", "{E3CCB5F0-1D30-43E8-A21F-8BF35B7E6E73}"
EndProject
Global
	GlobalSection(SolutionConfigurationPlatforms) = preSolution
		Debug|Any CPU = Debug|Any CPU
		Release|Any CPU = Release|Any CPU
	EndGlobalSection
	GlobalSection(ProjectConfigurationPlatforms) = postSolution
		{E3CCB5F0-1D30-43E8-A21F-8BF35B7E6E73}.Debug|Any CPU.ActiveCfg = Debug|Any CPU
		{E3CCB5F0-1D30-43E8-A21F-8BF35B7E6E73}.Debug|Any CPU.Build.0 = Debug|Any CPU
		{E3CCB5F0-1D30-43E8-A21F-8BF35B7E6E73}.Release|Any CPU.ActiveCfg = Release|Any CPU
		{E3CCB5F0-1D30-43E8-A21F-8BF35B7E6E73}.Release|Any CPU.Build.0 = Release|Any CPU
	EndGlobalSection
	GlobalSection(SolutionProperties) = preSolution
		HideSolutionNode = FALSE
	EndGlobalSection
	GlobalSection(ExtensibilityGlobals) = postSolution
		SolutionGuid = {F6B346F2-B23E-4E88-A3EC-037E5B42ADBE}
	EndGlobalSection
EndGlobal
